
Microsoft Visual Studio Solution File, Format Version 12.00
# Visual Studio Version 17
VisualStudioVersion = 17.9.34728.123
MinimumVisualStudioVersion = 10.0.40219.1
Project("{FAE04EC0-301F-11D3-BF4B-00C04F79EFBC}") = "Fitness_Tracker", "Fitness_Tracker\Fitness_Tracker.csproj", "{3689371B-675C-49DF-BC4B-F9CBEBEAECF9}"
EndProject
Global
	GlobalSection(SolutionConfigurationPlatforms) = preSolution
		Debug|Any CPU = Debug|Any CPU
		Release|Any CPU = Release|Any CPU
	EndGlobalSection
	GlobalSection(ProjectConfigurationPlatforms) = postSolution
		{3689371B-675C-49DF-BC4B-F9CBEBEAECF9}.Debug|Any CPU.ActiveCfg = Debug|Any CPU
		{3689371B-675C-49DF-BC4B-F9CBEBEAECF9}.Debug|Any CPU.Build.0 = Debug|Any CPU
		{3689371B-675C-49DF-BC4B-F9CBEBEAECF9}.Release|Any CPU.ActiveCfg = Release|Any CPU
		{3689371B-675C-49DF-BC4B-F9CBEBEAECF9}.Release|Any CPU.Build.0 = Release|Any CPU
	EndGlobalSection
	GlobalSection(SolutionProperties) = preSolution
		HideSolutionNode = FALSE
	EndGlobalSection
	GlobalSection(ExtensibilityGlobals) = postSolution
		SolutionGuid = {D9FAB95C-88F0-4005-B978-CC5AA17DD31D}
	EndGlobalSection
EndGlobal
